// !$*UTF8*$!
{
	archiveVersion = 1;
	classes = {
	};
	objectVersion = 46;
	objects = {

/* Begin PBXBuildFile section */
		2A5C009A1F493D1800FFD995 /* AppDelegate.swift in Sources */ = {isa = PBXBuildFile; fileRef = 2A5C00991F493D1800FFD995 /* AppDelegate.swift */; };
		2A5C009C1F493D1800FFD995 /* ViewController.swift in Sources */ = {isa = PBXBuildFile; fileRef = 2A5C009B1F493D1800FFD995 /* ViewController.swift */; };
		2A5C009F1F493D1800FFD995 /* Main.storyboard in Resources */ = {isa = PBXBuildFile; fileRef = 2A5C009D1F493D1800FFD995 /* Main.storyboard */; };
		2A5C00A11F493D1800FFD995 /* Assets.xcassets in Resources */ = {isa = PBXBuildFile; fileRef = 2A5C00A01F493D1800FFD995 /* Assets.xcassets */; };
		2A5C00A41F493D1800FFD995 /* LaunchScreen.storyboard in Resources */ = {isa = PBXBuildFile; fileRef = 2A5C00A21F493D1800FFD995 /* LaunchScreen.storyboard */; };
		2A5C00AE1F493DF100FFD995 /* orderByItemData.swift in Sources */ = {isa = PBXBuildFile; fileRef = 2A5C00AD1F493DF100FFD995 /* orderByItemData.swift */; };
		2A5C00B01F49F67600FFD995 /* ViewController_P1.swift in Sources */ = {isa = PBXBuildFile; fileRef = 2A5C00AF1F49F67600FFD995 /* ViewController_P1.swift */; };
		2A5C00B21F49F74F00FFD995 /* conAPI.swift in Sources */ = {isa = PBXBuildFile; fileRef = 2A5C00B11F49F74F00FFD995 /* conAPI.swift */; };
		2A5C00B61F4A3B1E00FFD995 /* amountData.swift in Sources */ = {isa = PBXBuildFile; fileRef = 2A5C00B51F4A3B1E00FFD995 /* amountData.swift */; };
		2A5C00B81F4A5DBE00FFD995 /* ViewController_P2.swift in Sources */ = {isa = PBXBuildFile; fileRef = 2A5C00B71F4A5DBE00FFD995 /* ViewController_P2.swift */; };
		2A5C00BA1F4AA96600FFD995 /* UIRoundPrimaryButton.swift in Sources */ = {isa = PBXBuildFile; fileRef = 2A5C00B91F4AA96600FFD995 /* UIRoundPrimaryButton.swift */; };
		2A5C00BC1F4B5EE900FFD995 /* TableViewCell_OrderList.swift in Sources */ = {isa = PBXBuildFile; fileRef = 2A5C00BB1F4B5EE900FFD995 /* TableViewCell_OrderList.swift */; };
		2A5C00BE1F4B7F9D00FFD995 /* TableViewCell_QuantityList.swift in Sources */ = {isa = PBXBuildFile; fileRef = 2A5C00BD1F4B7F9D00FFD995 /* TableViewCell_QuantityList.swift */; };
/* End PBXBuildFile section */

/* Begin PBXFileReference section */
		2A5C00961F493D1800FFD995 /* shopify_MijuJang.app */ = {isa = PBXFileReference; explicitFileType = wrapper.application; includeInIndex = 0; path = shopify_MijuJang.app; sourceTree = BUILT_PRODUCTS_DIR; };
		2A5C00991F493D1800FFD995 /* AppDelegate.swift */ = {isa = PBXFileReference; lastKnownFileType = sourcecode.swift; path = AppDelegate.swift; sourceTree = "<group>"; };
		2A5C009B1F493D1800FFD995 /* ViewController.swift */ = {isa = PBXFileReference; lastKnownFileType = sourcecode.swift; path = ViewController.swift; sourceTree = "<group>"; };
		2A5C009E1F493D1800FFD995 /* Base */ = {isa = PBXFileReference; lastKnownFileType = file.storyboard; name = Base; path = Base.lproj/Main.storyboard; sourceTree = "<group>"; };
		2A5C00A01F493D1800FFD995 /* Assets.xcassets */ = {isa = PBXFileReference; lastKnownFileType = folder.assetcatalog; path = Assets.xcassets; sourceTree = "<group>"; };
		2A5C00A31F493D1800FFD995 /* Base */ = {isa = PBXFileReference; lastKnownFileType = file.storyboard; name = Base; path = Base.lproj/LaunchScreen.storyboard; sourceTree = "<group>"; };
		2A5C00A51F493D1800FFD995 /* Info.plist */ = {isa = PBXFileReference; lastKnownFileType = text.plist.xml; path = Info.plist; sourceTree = "<group>"; };
		2A5C00AD1F493DF100FFD995 /* orderByItemData.swift */ = {isa = PBXFileReference; fileEncoding = 4; lastKnownFileType = sourcecode.swift; path = orderByItemData.swift; sourceTree = "<group>"; };
		2A5C00AF1F49F67600FFD995 /* ViewController_P1.swift */ = {isa = PBXFileReference; fileEncoding = 4; lastKnownFileType = sourcecode.swift; name = ViewController_P1.swift; path = ../ViewController_P1.swift; sourceTree = "<group>"; };
		2A5C00B11F49F74F00FFD995 /* conAPI.swift */ = {isa = PBXFileReference; fileEncoding = 4; lastKnownFileType = sourcecode.swift; path = conAPI.swift; sourceTree = "<group>"; };
		2A5C00B51F4A3B1E00FFD995 /* amountData.swift */ = {isa = PBXFileReference; fileEncoding = 4; lastKnownFileType = sourcecode.swift; path = amountData.swift; sourceTree = "<group>"; };
		2A5C00B71F4A5DBE00FFD995 /* ViewController_P2.swift */ = {isa = PBXFileReference; fileEncoding = 4; lastKnownFileType = sourcecode.swift; path = ViewController_P2.swift; sourceTree = "<group>"; };
		2A5C00B91F4AA96600FFD995 /* UIRoundPrimaryButton.swift */ = {isa = PBXFileReference; fileEncoding = 4; lastKnownFileType = sourcecode.swift; path = UIRoundPrimaryButton.swift; sourceTree = "<group>"; };
		2A5C00BB1F4B5EE900FFD995 /* TableViewCell_OrderList.swift */ = {isa = PBXFileReference; fileEncoding = 4; lastKnownFileType = sourcecode.swift; path = TableViewCell_OrderList.swift; sourceTree = "<group>"; };
		2A5C00BD1F4B7F9D00FFD995 /* TableViewCell_QuantityList.swift */ = {isa = PBXFileReference; fileEncoding = 4; lastKnownFileType = sourcecode.swift; path = TableViewCell_QuantityList.swift; sourceTree = "<group>"; };
/* End PBXFileReference section */

/* Begin PBXFrameworksBuildPhase section */
		2A5C00931F493D1800FFD995 /* Frameworks */ = {
			isa = PBXFrameworksBuildPhase;
			buildActionMask = 2147483647;
			files = (
			);
			runOnlyForDeploymentPostprocessing = 0;
		};
/* End PBXFrameworksBuildPhase section */

/* Begin PBXGroup section */
		2A5C008D1F493D1800FFD995 = {
			isa = PBXGroup;
			children = (
				2A5C00981F493D1800FFD995 /* shopify_MijuJang */,
				2A5C00971F493D1800FFD995 /* Products */,
			);
			sourceTree = "<group>";
		};
		2A5C00971F493D1800FFD995 /* Products */ = {
			isa = PBXGroup;
			children = (
				2A5C00961F493D1800FFD995 /* shopify_MijuJang.app */,
			);
			name = Products;
			sourceTree = "<group>";
		};
		2A5C00981F493D1800FFD995 /* shopify_MijuJang */ = {
			isa = PBXGroup;
			children = (
				2A5C00AC1F493D9500FFD995 /* Data */,
				2A5C00AB1F493D7B00FFD995 /* Helper */,
				2A5C00991F493D1800FFD995 /* AppDelegate.swift */,
				2A5C00AF1F49F67600FFD995 /* ViewController_P1.swift */,
				2A5C009B1F493D1800FFD995 /* ViewController.swift */,
				2A5C009D1F493D1800FFD995 /* Main.storyboard */,
				2A5C00A01F493D1800FFD995 /* Assets.xcassets */,
				2A5C00A21F493D1800FFD995 /* LaunchScreen.storyboard */,
				2A5C00A51F493D1800FFD995 /* Info.plist */,
				2A5C00B71F4A5DBE00FFD995 /* ViewController_P2.swift */,
				2A5C00BB1F4B5EE900FFD995 /* TableViewCell_OrderList.swift */,
				2A5C00BD1F4B7F9D00FFD995 /* TableViewCell_QuantityList.swift */,
			);
			path = shopify_MijuJang;
			sourceTree = "<group>";
		};
		2A5C00AB1F493D7B00FFD995 /* Helper */ = {
			isa = PBXGroup;
			children = (
				2A5C00B11F49F74F00FFD995 /* conAPI.swift */,
				2A5C00B91F4AA96600FFD995 /* UIRoundPrimaryButton.swift */,
			);
			name = Helper;
			sourceTree = "<group>";
		};
		2A5C00AC1F493D9500FFD995 /* Data */ = {
			isa = PBXGroup;
			children = (
				2A5C00AD1F493DF100FFD995 /* orderByItemData.swift */,
				2A5C00B51F4A3B1E00FFD995 /* amountData.swift */,
			);
			name = Data;
			sourceTree = "<group>";
		};
/* End PBXGroup section */

/* Begin PBXNativeTarget section */
		2A5C00951F493D1800FFD995 /* shopify_MijuJang */ = {
			isa = PBXNativeTarget;
			buildConfigurationList = 2A5C00A81F493D1800FFD995 /* Build configuration list for PBXNativeTarget "shopify_MijuJang" */;
			buildPhases = (
				2A5C00921F493D1800FFD995 /* Sources */,
				2A5C00931F493D1800FFD995 /* Frameworks */,
				2A5C00941F493D1800FFD995 /* Resources */,
			);
			buildRules = (
			);
			dependencies = (
			);
			name = shopify_MijuJang;
			productName = shopify_MijuJang;
			productReference = 2A5C00961F493D1800FFD995 /* shopify_MijuJang.app */;
			productType = "com.apple.product-type.application";
		};
/* End PBXNativeTarget section */

/* Begin PBXProject section */
		2A5C008E1F493D1800FFD995 /* Project object */ = {
			isa = PBXProject;
			attributes = {
				LastSwiftUpdateCheck = 0830;
				LastUpgradeCheck = 0830;
				ORGANIZATIONNAME = "Lily Jang";
				TargetAttributes = {
					2A5C00951F493D1800FFD995 = {
						CreatedOnToolsVersion = 8.3.3;
						ProvisioningStyle = Automatic;
					};
				};
			};
			buildConfigurationList = 2A5C00911F493D1800FFD995 /* Build configuration list for PBXProject "shopify_MijuJang" */;
			compatibilityVersion = "Xcode 3.2";
			developmentRegion = English;
			hasScannedForEncodings = 0;
			knownRegions = (
				en,
				Base,
			);
			mainGroup = 2A5C008D1F493D1800FFD995;
			productRefGroup = 2A5C00971F493D1800FFD995 /* Products */;
			projectDirPath = "";
			projectRoot = "";
			targets = (
				2A5C00951F493D1800FFD995 /* shopify_MijuJang */,
			);
		};
/* End PBXProject section */

/* Begin PBXResourcesBuildPhase section */
		2A5C00941F493D1800FFD995 /* Resources */ = {
			isa = PBXResourcesBuildPhase;
			buildActionMask = 2147483647;
			files = (
				2A5C00A41F493D1800FFD995 /* LaunchScreen.storyboard in Resources */,
				2A5C00A11F493D1800FFD995 /* Assets.xcassets in Resources */,
				2A5C009F1F493D1800FFD995 /* Main.storyboard in Resources */,
			);
			runOnlyForDeploymentPostprocessing = 0;
		};
/* End PBXResourcesBuildPhase section */

/* Begin PBXSourcesBuildPhase section */
		2A5C00921F493D1800FFD995 /* Sources */ = {
			isa = PBXSourcesBuildPhase;
			buildActionMask = 2147483647;
			files = (
				2A5C009C1F493D1800FFD995 /* ViewController.swift in Sources */,
				2A5C00B81F4A5DBE00FFD995 /* ViewController_P2.swift in Sources */,
				2A5C00B61F4A3B1E00FFD995 /* amountData.swift in Sources */,
				2A5C00BC1F4B5EE900FFD995 /* TableViewCell_OrderList.swift in Sources */,
				2A5C00BA1F4AA96600FFD995 /* UIRoundPrimaryButton.swift in Sources */,
				2A5C00B21F49F74F00FFD995 /* conAPI.swift in Sources */,
				2A5C00BE1F4B7F9D00FFD995 /* TableViewCell_QuantityList.swift in Sources */,
				2A5C00B01F49F67600FFD995 /* ViewController_P1.swift in Sources */,
				2A5C009A1F493D1800FFD995 /* AppDelegate.swift in Sources */,
				2A5C00AE1F493DF100FFD995 /* orderByItemData.swift in Sources */,
			);
			runOnlyForDeploymentPostprocessing = 0;
		};
/* End PBXSourcesBuildPhase section */

/* Begin PBXVariantGroup section */
		2A5C009D1F493D1800FFD995 /* Main.storyboard */ = {
			isa = PBXVariantGroup;
			children = (
				2A5C009E1F493D1800FFD995 /* Base */,
			);
			name = Main.storyboard;
			sourceTree = "<group>";
		};
		2A5C00A21F493D1800FFD995 /* LaunchScreen.storyboard */ = {
			isa = PBXVariantGroup;
			children = (
				2A5C00A31F493D1800FFD995 /* Base */,
			);
			name = LaunchScreen.storyboard;
			sourceTree = "<group>";
		};
/* End PBXVariantGroup section */

/* Begin XCBuildConfiguration section */
		2A5C00A61F493D1800FFD995 /* Debug */ = {
			isa = XCBuildConfiguration;
			buildSettings = {
				ALWAYS_SEARCH_USER_PATHS = NO;
				CLANG_ANALYZER_NONNULL = YES;
				CLANG_ANALYZER_NUMBER_OBJECT_CONVERSION = YES_AGGRESSIVE;
				CLANG_CXX_LANGUAGE_STANDARD = "gnu++0x";
				CLANG_CXX_LIBRARY = "libc++";
				CLANG_ENABLE_MODULES = YES;
				CLANG_ENABLE_OBJC_ARC = YES;
				CLANG_WARN_BOOL_CONVERSION = YES;
				CLANG_WARN_CONSTANT_CONVERSION = YES;
				CLANG_WARN_DIRECT_OBJC_ISA_USAGE = YES_ERROR;
				CLANG_WARN_DOCUMENTATION_COMMENTS = YES;
				CLANG_WARN_EMPTY_BODY = YES;
				CLANG_WARN_ENUM_CONVERSION = YES;
				CLANG_WARN_INFINITE_RECURSION = YES;
				CLANG_WARN_INT_CONVERSION = YES;
				CLANG_WARN_OBJC_ROOT_CLASS = YES_ERROR;
				CLANG_WARN_SUSPICIOUS_MOVE = YES;
				CLANG_WARN_UNREACHABLE_CODE = YES;
				CLANG_WARN__DUPLICATE_METHOD_MATCH = YES;
				"CODE_SIGN_IDENTITY[sdk=iphoneos*]" = "iPhone Developer";
				COPY_PHASE_STRIP = NO;
				DEBUG_INFORMATION_FORMAT = dwarf;
				ENABLE_STRICT_OBJC_MSGSEND = YES;
				ENABLE_TESTABILITY = YES;
				GCC_C_LANGUAGE_STANDARD = gnu99;
				GCC_DYNAMIC_NO_PIC = NO;
				GCC_NO_COMMON_BLOCKS = YES;
				GCC_OPTIMIZATION_LEVEL = 0;
				GCC_PREPROCESSOR_DEFINITIONS = (
					"DEBUG=1",
					"$(inherited)",
				);
				GCC_WARN_64_TO_32_BIT_CONVERSION = YES;
				GCC_WARN_ABOUT_RETURN_TYPE = YES_ERROR;
				GCC_WARN_UNDECLARED_SELECTOR = YES;
				GCC_WARN_UNINITIALIZED_AUTOS = YES_AGGRESSIVE;
				GCC_WARN_UNUSED_FUNCTION = YES;
				GCC_WARN_UNUSED_VARIABLE = YES;
				IPHONEOS_DEPLOYMENT_TARGET = 10.3;
				MTL_ENABLE_DEBUG_INFO = YES;
				ONLY_ACTIVE_ARCH = YES;
				SDKROOT = iphoneos;
				SWIFT_ACTIVE_COMPILATION_CONDITIONS = DEBUG;
				SWIFT_OPTIMIZATION_LEVEL = "-Onone";
				TARGETED_DEVICE_FAMILY = "1,2";
			};
			name = Debug;
		};
		2A5C00A71F493D1800FFD995 /* Release */ = {
			isa = XCBuildConfiguration;
			buildSettings = {
				ALWAYS_SEARCH_USER_PATHS = NO;
				CLANG_ANALYZER_NONNULL = YES;
				CLANG_ANALYZER_NUMBER_OBJECT_CONVERSION = YES_AGGRESSIVE;
				CLANG_CXX_LANGUAGE_STANDARD = "gnu++0x";
				CLANG_CXX_LIBRARY = "libc++";
				CLANG_ENABLE_MODULES = YES;
				CLANG_ENABLE_OBJC_ARC = YES;
				CLANG_WARN_BOOL_CONVERSION = YES;
				CLANG_WARN_CONSTANT_CONVERSION = YES;
				CLANG_WARN_DIRECT_OBJC_ISA_USAGE = YES_ERROR;
				CLANG_WARN_DOCUMENTATION_COMMENTS = YES;
				CLANG_WARN_EMPTY_BODY = YES;
				CLANG_WARN_ENUM_CONVERSION = YES;
				CLANG_WARN_INFINITE_RECURSION = YES;
				CLANG_WARN_INT_CONVERSION = YES;
				CLANG_WARN_OBJC_ROOT_CLASS = YES_ERROR;
				CLANG_WARN_SUSPICIOUS_MOVE = YES;
				CLANG_WARN_UNREACHABLE_CODE = YES;
				CLANG_WARN__DUPLICATE_METHOD_MATCH = YES;
				"CODE_SIGN_IDENTITY[sdk=iphoneos*]" = "iPhone Developer";
				COPY_PHASE_STRIP = NO;
				DEBUG_INFORMATION_FORMAT = "dwarf-with-dsym";
				ENABLE_NS_ASSERTIONS = NO;
				ENABLE_STRICT_OBJC_MSGSEND = YES;
				GCC_C_LANGUAGE_STANDARD = gnu99;
				GCC_NO_COMMON_BLOCKS = YES;
				GCC_WARN_64_TO_32_BIT_CONVERSION = YES;
				GCC_WARN_ABOUT_RETURN_TYPE = YES_ERROR;
				GCC_WARN_UNDECLARED_SELECTOR = YES;
				GCC_WARN_UNINITIALIZED_AUTOS = YES_AGGRESSIVE;
				GCC_WARN_UNUSED_FUNCTION = YES;
				GCC_WARN_UNUSED_VARIABLE = YES;
				IPHONEOS_DEPLOYMENT_TARGET = 10.3;
				MTL_ENABLE_DEBUG_INFO = NO;
				SDKROOT = iphoneos;
				SWIFT_OPTIMIZATION_LEVEL = "-Owholemodule";
				TARGETED_DEVICE_FAMILY = "1,2";
				VALIDATE_PRODUCT = YES;
			};
			name = Release;
		};
		2A5C00A91F493D1800FFD995 /* Debug */ = {
			isa = XCBuildConfiguration;
			buildSettings = {
				ASSETCATALOG_COMPILER_APPICON_NAME = AppIcon;
				INFOPLIST_FILE = shopify_MijuJang/Info.plist;
				LD_RUNPATH_SEARCH_PATHS = "$(inherited) @executable_path/Frameworks";
				PRODUCT_BUNDLE_IDENTIFIER = "swift.shopify-MijuJang";
				PRODUCT_NAME = "$(TARGET_NAME)";
				SWIFT_VERSION = 3.0;
			};
			name = Debug;
		};
		2A5C00AA1F493D1800FFD995 /* Release */ = {
			isa = XCBuildConfiguration;
			buildSettings = {
				ASSETCATALOG_COMPILER_APPICON_NAME = AppIcon;
				INFOPLIST_FILE = shopify_MijuJang/Info.plist;
				LD_RUNPATH_SEARCH_PATHS = "$(inherited) @executable_path/Frameworks";
				PRODUCT_BUNDLE_IDENTIFIER = "swift.shopify-MijuJang";
				PRODUCT_NAME = "$(TARGET_NAME)";
				SWIFT_VERSION = 3.0;
			};
			name = Release;
		};
/* End XCBuildConfiguration section */

/* Begin XCConfigurationList section */
		2A5C00911F493D1800FFD995 /* Build configuration list for PBXProject "shopify_MijuJang" */ = {
			isa = XCConfigurationList;
			buildConfigurations = (
				2A5C00A61F493D1800FFD995 /* Debug */,
				2A5C00A71F493D1800FFD995 /* Release */,
			);
			defaultConfigurationIsVisible = 0;
			defaultConfigurationName = Release;
		};
		2A5C00A81F493D1800FFD995 /* Build configuration list for PBXNativeTarget "shopify_MijuJang" */ = {
			isa = XCConfigurationList;
			buildConfigurations = (
				2A5C00A91F493D1800FFD995 /* Debug */,
				2A5C00AA1F493D1800FFD995 /* Release */,
			);
			defaultConfigurationIsVisible = 0;
		};
/* End XCConfigurationList section */
	};
	rootObject = 2A5C008E1F493D1800FFD995 /* Project object */;
}
